
Microsoft Visual Studio Solution File, Format Version 12.00
# Visual Studio Version 17
VisualStudioVersion = 17.5.33627.172
MinimumVisualStudioVersion = 10.0.40219.1
Project("{FAE04EC0-301F-11D3-BF4B-00C04F79EFBC}") = "Observer", "Observer\Observer.csproj", "{928B2089-5A75-4FE0-A96D-C58E5CBFA157}"
EndProject
Global
	GlobalSection(SolutionConfigurationPlatforms) = preSolution
		Debug|Any CPU = Debug|Any CPU
		Release|Any CPU = Release|Any CPU
	EndGlobalSection
	GlobalSection(ProjectConfigurationPlatforms) = postSolution
		{928B2089-5A75-4FE0-A96D-C58E5CBFA157}.Debug|Any CPU.ActiveCfg = Debug|Any CPU
		{928B2089-5A75-4FE0-A96D-C58E5CBFA157}.Debug|Any CPU.Build.0 = Debug|Any CPU
		{928B2089-5A75-4FE0-A96D-C58E5CBFA157}.Release|Any CPU.ActiveCfg = Release|Any CPU
		{928B2089-5A75-4FE0-A96D-C58E5CBFA157}.Release|Any CPU.Build.0 = Release|Any CPU
	EndGlobalSection
	GlobalSection(SolutionProperties) = preSolution
		HideSolutionNode = FALSE
	EndGlobalSection
	GlobalSection(ExtensibilityGlobals) = postSolution
		SolutionGuid = {64C33EF6-0672-4F31-BC22-F1BE7B25598B}
	EndGlobalSection
EndGlobal
